
Microsoft Visual Studio Solution File, Format Version 12.00
# Visual Studio 15
VisualStudioVersion = 15.0.27130.2024
MinimumVisualStudioVersion = 10.0.40219.1
Project("{FAE04EC0-301F-11D3-BF4B-00C04F79EFBC}") = "OpenLED Windows GUI Wrapper", "OpenLED Windows GUI Wrapper\OpenLED Windows GUI Wrapper.csproj", "{BAFEEB20-FEEE-4444-BBB6-1154657EB7E9}"
EndProject
Project("{9A19103F-16F7-4668-BE54-9A1E7A4F7556}") = "Sound Library", "Sound Library\Sound Library.csproj", "{9A0D5F64-C031-48DB-80E0-E7ED069F0E1A}"
EndProject
Project("{FAE04EC0-301F-11D3-BF4B-00C04F79EFBC}") = "OpenLED Windows Host", "OpenLED Windows Host\OpenLED Windows Host.csproj", "{26B56151-965A-4A6C-81CB-11833448B299}"
EndProject
Project("{2150E333-8FDC-42A3-9474-1A3956D46DE8}") = "Solution Items", "Solution Items", "{7930DA95-C0D0-419E-BB53-E72129D903D6}"
	ProjectSection(SolutionItems) = preProject
		README.md = README.md
	EndProjectSection
EndProject
Project("{2150E333-8FDC-42A3-9474-1A3956D46DE8}") = "Arduino", "Arduino", "{19D41B8D-2B6C-4120-9439-B8E99D6DE90B}"
EndProject
Project("{8BC9CEB8-8B4A-11D0-8D11-00A0C91BC942}") = "Arduino Client", "Arduino\Arduino Client\Arduino Client.vcxproj", "{C5F80730-F44F-4478-BDAE-6634EFC2CA88}"
EndProject
Project("{9A19103F-16F7-4668-BE54-9A1E7A4F7556}") = "Arduino Host", "Arduino\Arduino Host\Arduino Host.csproj", "{DAF6E43D-A7DB-4633-A236-6EE09E6781BB}"
	ProjectSection(ProjectDependencies) = postProject
		{C5F80730-F44F-4478-BDAE-6634EFC2CA88} = {C5F80730-F44F-4478-BDAE-6634EFC2CA88}
	EndProjectSection
EndProject
Global
	GlobalSection(SolutionConfigurationPlatforms) = preSolution
		Debug|Any CPU = Debug|Any CPU
		Debug|x86 = Debug|x86
		Release|Any CPU = Release|Any CPU
		Release|x86 = Release|x86
	EndGlobalSection
	GlobalSection(ProjectConfigurationPlatforms) = postSolution
		{BAFEEB20-FEEE-4444-BBB6-1154657EB7E9}.Debug|Any CPU.ActiveCfg = Debug|Any CPU
		{BAFEEB20-FEEE-4444-BBB6-1154657EB7E9}.Debug|Any CPU.Build.0 = Debug|Any CPU
		{BAFEEB20-FEEE-4444-BBB6-1154657EB7E9}.Debug|x86.ActiveCfg = Debug|Any CPU
		{BAFEEB20-FEEE-4444-BBB6-1154657EB7E9}.Debug|x86.Build.0 = Debug|Any CPU
		{BAFEEB20-FEEE-4444-BBB6-1154657EB7E9}.Release|Any CPU.ActiveCfg = Release|Any CPU
		{BAFEEB20-FEEE-4444-BBB6-1154657EB7E9}.Release|Any CPU.Build.0 = Release|Any CPU
		{BAFEEB20-FEEE-4444-BBB6-1154657EB7E9}.Release|x86.ActiveCfg = Release|Any CPU
		{BAFEEB20-FEEE-4444-BBB6-1154657EB7E9}.Release|x86.Build.0 = Release|Any CPU
		{9A0D5F64-C031-48DB-80E0-E7ED069F0E1A}.Debug|Any CPU.ActiveCfg = Debug|Any CPU
		{9A0D5F64-C031-48DB-80E0-E7ED069F0E1A}.Debug|Any CPU.Build.0 = Debug|Any CPU
		{9A0D5F64-C031-48DB-80E0-E7ED069F0E1A}.Debug|x86.ActiveCfg = Debug|Any CPU
		{9A0D5F64-C031-48DB-80E0-E7ED069F0E1A}.Debug|x86.Build.0 = Debug|Any CPU
		{9A0D5F64-C031-48DB-80E0-E7ED069F0E1A}.Release|Any CPU.ActiveCfg = Release|Any CPU
		{9A0D5F64-C031-48DB-80E0-E7ED069F0E1A}.Release|Any CPU.Build.0 = Release|Any CPU
		{9A0D5F64-C031-48DB-80E0-E7ED069F0E1A}.Release|x86.ActiveCfg = Release|Any CPU
		{9A0D5F64-C031-48DB-80E0-E7ED069F0E1A}.Release|x86.Build.0 = Release|Any CPU
		{26B56151-965A-4A6C-81CB-11833448B299}.Debug|Any CPU.ActiveCfg = Debug|Any CPU
		{26B56151-965A-4A6C-81CB-11833448B299}.Debug|Any CPU.Build.0 = Debug|Any CPU
		{26B56151-965A-4A6C-81CB-11833448B299}.Debug|x86.ActiveCfg = Debug|Any CPU
		{26B56151-965A-4A6C-81CB-11833448B299}.Debug|x86.Build.0 = Debug|Any CPU
		{26B56151-965A-4A6C-81CB-11833448B299}.Release|Any CPU.ActiveCfg = Release|Any CPU
		{26B56151-965A-4A6C-81CB-11833448B299}.Release|Any CPU.Build.0 = Release|Any CPU
		{26B56151-965A-4A6C-81CB-11833448B299}.Release|x86.ActiveCfg = Release|Any CPU
		{26B56151-965A-4A6C-81CB-11833448B299}.Release|x86.Build.0 = Release|Any CPU
		{C5F80730-F44F-4478-BDAE-6634EFC2CA88}.Debug|Any CPU.ActiveCfg = Debug|Win32
		{C5F80730-F44F-4478-BDAE-6634EFC2CA88}.Debug|x86.ActiveCfg = Debug|Win32
		{C5F80730-F44F-4478-BDAE-6634EFC2CA88}.Debug|x86.Build.0 = Debug|Win32
		{C5F80730-F44F-4478-BDAE-6634EFC2CA88}.Release|Any CPU.ActiveCfg = Release|Win32
		{C5F80730-F44F-4478-BDAE-6634EFC2CA88}.Release|x86.ActiveCfg = Release|Win32
		{C5F80730-F44F-4478-BDAE-6634EFC2CA88}.Release|x86.Build.0 = Release|Win32
		{DAF6E43D-A7DB-4633-A236-6EE09E6781BB}.Debug|Any CPU.ActiveCfg = Debug|Any CPU
		{DAF6E43D-A7DB-4633-A236-6EE09E6781BB}.Debug|Any CPU.Build.0 = Debug|Any CPU
		{DAF6E43D-A7DB-4633-A236-6EE09E6781BB}.Debug|x86.ActiveCfg = Debug|Any CPU
		{DAF6E43D-A7DB-4633-A236-6EE09E6781BB}.Debug|x86.Build.0 = Debug|Any CPU
		{DAF6E43D-A7DB-4633-A236-6EE09E6781BB}.Release|Any CPU.ActiveCfg = Release|Any CPU
		{DAF6E43D-A7DB-4633-A236-6EE09E6781BB}.Release|Any CPU.Build.0 = Release|Any CPU
		{DAF6E43D-A7DB-4633-A236-6EE09E6781BB}.Release|x86.ActiveCfg = Release|Any CPU
		{DAF6E43D-A7DB-4633-A236-6EE09E6781BB}.Release|x86.Build.0 = Release|Any CPU
	EndGlobalSection
	GlobalSection(SolutionProperties) = preSolution
		HideSolutionNode = FALSE
	EndGlobalSection
	GlobalSection(NestedProjects) = preSolution
		{C5F80730-F44F-4478-BDAE-6634EFC2CA88} = {19D41B8D-2B6C-4120-9439-B8E99D6DE90B}
		{DAF6E43D-A7DB-4633-A236-6EE09E6781BB} = {19D41B8D-2B6C-4120-9439-B8E99D6DE90B}
	EndGlobalSection
	GlobalSection(ExtensibilityGlobals) = postSolution
		SolutionGuid = {9949720A-3D60-4D51-8B2D-FB213647D5E7}
	EndGlobalSection
EndGlobal
